
Microsoft Visual Studio Solution File, Format Version 12.00
# Visual Studio 2012
# SharpDevelop 5.1
VisualStudioVersion = 12.0.20827.3
MinimumVisualStudioVersion = 10.0.40219.1
Project("{FAE04EC0-301F-11D3-BF4B-00C04F79EFBC}") = "Protocal.AEther", "Protocal.AEther\Protocal.AEther.csproj", "{AC9264E3-925E-4090-877E-457A45A10456}"
EndProject
Project("{FAE04EC0-301F-11D3-BF4B-00C04F79EFBC}") = "Test.Forms", "App.TestForms\Test.Forms.csproj", "{AA5018A6-C6EE-41D9-A6E2-FDEB16B39856}"
EndProject
Project("{FAE04EC0-301F-11D3-BF4B-00C04F79EFBC}") = "Common.DiffPatch", "Common.DiffPatch\Common.DiffPatch.csproj", "{4F7B6163-345B-4311-92DE-392963341AA3}"
EndProject
Project("{FAE04EC0-301F-11D3-BF4B-00C04F79EFBC}") = "Training.Course", "Training.Course\Training.Course.csproj", "{8761863D-4875-41ED-A001-EEA384F04084}"
EndProject
Project("{FAE04EC0-301F-11D3-BF4B-00C04F79EFBC}") = "Control.Guider", "Control.Guider\Control.Guider.csproj", "{99F78AAD-6781-4EC4-8CEB-928D69DEBEFD}"
EndProject
Project("{FAE04EC0-301F-11D3-BF4B-00C04F79EFBC}") = "Control.Editor", "Control.Editor\Control.Editor.csproj", "{CD942A27-6733-42BB-BDA8-66E3B3A03755}"
EndProject
Project("{FAE04EC0-301F-11D3-BF4B-00C04F79EFBC}") = "Algorithm.JSnow", "Algorithm.JSnow\Algorithm.JSnow.csproj", "{4DD1007A-4F02-4B50-8BBC-E7F2F98A4DD6}"
EndProject
Project("{FAE04EC0-301F-11D3-BF4B-00C04F79EFBC}") = "Component.Catalina", "Component.Catalina\Component.Catalina.csproj", "{ECBE8FB1-549C-44AB-A8B2-A80CE5F32D70}"
EndProject
Project("{FAE04EC0-301F-11D3-BF4B-00C04F79EFBC}") = "Control.Eide", "Control.Eide\Control.Eide.csproj", "{9588C636-7568-453A-9A1B-299416A1B8DD}"
EndProject
Project("{FAE04EC0-301F-11D3-BF4B-00C04F79EFBC}") = "Control.JText", "Control.JText\Control.JText.csproj", "{DAB65C9A-7EFE-4FFF-94AD-ACD2D8549F84}"
EndProject
Project("{FAE04EC0-301F-11D3-BF4B-00C04F79EFBC}") = "Control.JFiles", "Control.JFiles\Control.JFiles.csproj", "{42EA2E8A-410D-45A9-B830-4F698397A731}"
EndProject
Project("{FAE04EC0-301F-11D3-BF4B-00C04F79EFBC}") = "Control.Video", "Control.Video\Control.Video.csproj", "{6C117197-6D3B-485B-9B52-A20BD6E34918}"
EndProject
Project("{FAE04EC0-301F-11D3-BF4B-00C04F79EFBC}") = "Control.Toolbar", "Control.Toolbar\Control.Toolbar.csproj", "{DE45D941-991A-4EB9-AC9B-288ABBD52525}"
EndProject
Project("{FAE04EC0-301F-11D3-BF4B-00C04F79EFBC}") = "App.Dashboard", "App.Dashboard\App.Dashboard.csproj", "{3906171B-C01D-4B4C-BC9E-416388042872}"
EndProject
Project("{FAE04EC0-301F-11D3-BF4B-00C04F79EFBC}") = "Component.TinyServer", "Component.TinyServer\Component.TinyServer.csproj", "{562F0953-4BC8-4643-B759-0F8402DA59C5}"
EndProject
Project("{FAE04EC0-301F-11D3-BF4B-00C04F79EFBC}") = "Control.Profile", "Control.Profile\Control.Profile.csproj", "{BBB857C2-514A-47E0-8988-0456B4CF10B8}"
EndProject
Project("{FAE04EC0-301F-11D3-BF4B-00C04F79EFBC}") = "Component.Bridge", "Component.Bridge\Component.Bridge.csproj", "{9A647F24-F0FC-4294-99CF-38D72B7A6ADB}"
EndProject
Project("{FAE04EC0-301F-11D3-BF4B-00C04F79EFBC}") = "App.Views", "App.Views\App.Views.csproj", "{66EF4CF8-1381-4F24-B8FA-AD538AE011AF}"
EndProject
Project("{FAE04EC0-301F-11D3-BF4B-00C04F79EFBC}") = "App.Mediator", "App.Mediator\App.Mediator.csproj", "{D209172F-8595-44CE-B9D7-13347AFDE663}"
EndProject
Project("{FAE04EC0-301F-11D3-BF4B-00C04F79EFBC}") = "App.Common", "App.Common\App.Common.csproj", "{EFBBF0B8-BA2C-42CE-862E-FD3DF84130D3}"
EndProject
Global
	GlobalSection(SolutionConfigurationPlatforms) = preSolution
		Debug|Any CPU = Debug|Any CPU
		Release|Any CPU = Release|Any CPU
	EndGlobalSection
	GlobalSection(ProjectConfigurationPlatforms) = postSolution
		{AC9264E3-925E-4090-877E-457A45A10456}.Debug|Any CPU.ActiveCfg = Debug|Any CPU
		{AC9264E3-925E-4090-877E-457A45A10456}.Debug|Any CPU.Build.0 = Debug|Any CPU
		{AC9264E3-925E-4090-877E-457A45A10456}.Release|Any CPU.ActiveCfg = Release|Any CPU
		{AC9264E3-925E-4090-877E-457A45A10456}.Release|Any CPU.Build.0 = Release|Any CPU
		{AA5018A6-C6EE-41D9-A6E2-FDEB16B39856}.Debug|Any CPU.ActiveCfg = Debug|Any CPU
		{AA5018A6-C6EE-41D9-A6E2-FDEB16B39856}.Debug|Any CPU.Build.0 = Debug|Any CPU
		{AA5018A6-C6EE-41D9-A6E2-FDEB16B39856}.Release|Any CPU.ActiveCfg = Release|Any CPU
		{AA5018A6-C6EE-41D9-A6E2-FDEB16B39856}.Release|Any CPU.Build.0 = Release|Any CPU
		{4F7B6163-345B-4311-92DE-392963341AA3}.Debug|Any CPU.ActiveCfg = Debug|Any CPU
		{4F7B6163-345B-4311-92DE-392963341AA3}.Debug|Any CPU.Build.0 = Debug|Any CPU
		{4F7B6163-345B-4311-92DE-392963341AA3}.Release|Any CPU.ActiveCfg = Release|Any CPU
		{4F7B6163-345B-4311-92DE-392963341AA3}.Release|Any CPU.Build.0 = Release|Any CPU
		{8761863D-4875-41ED-A001-EEA384F04084}.Debug|Any CPU.ActiveCfg = Debug|Any CPU
		{8761863D-4875-41ED-A001-EEA384F04084}.Debug|Any CPU.Build.0 = Debug|Any CPU
		{8761863D-4875-41ED-A001-EEA384F04084}.Release|Any CPU.ActiveCfg = Release|Any CPU
		{8761863D-4875-41ED-A001-EEA384F04084}.Release|Any CPU.Build.0 = Release|Any CPU
		{99F78AAD-6781-4EC4-8CEB-928D69DEBEFD}.Debug|Any CPU.ActiveCfg = Debug|Any CPU
		{99F78AAD-6781-4EC4-8CEB-928D69DEBEFD}.Debug|Any CPU.Build.0 = Debug|Any CPU
		{99F78AAD-6781-4EC4-8CEB-928D69DEBEFD}.Release|Any CPU.ActiveCfg = Release|Any CPU
		{99F78AAD-6781-4EC4-8CEB-928D69DEBEFD}.Release|Any CPU.Build.0 = Release|Any CPU
		{CD942A27-6733-42BB-BDA8-66E3B3A03755}.Debug|Any CPU.ActiveCfg = Debug|Any CPU
		{CD942A27-6733-42BB-BDA8-66E3B3A03755}.Debug|Any CPU.Build.0 = Debug|Any CPU
		{CD942A27-6733-42BB-BDA8-66E3B3A03755}.Release|Any CPU.ActiveCfg = Release|Any CPU
		{CD942A27-6733-42BB-BDA8-66E3B3A03755}.Release|Any CPU.Build.0 = Release|Any CPU
		{4DD1007A-4F02-4B50-8BBC-E7F2F98A4DD6}.Debug|Any CPU.ActiveCfg = Debug|Any CPU
		{4DD1007A-4F02-4B50-8BBC-E7F2F98A4DD6}.Debug|Any CPU.Build.0 = Debug|Any CPU
		{4DD1007A-4F02-4B50-8BBC-E7F2F98A4DD6}.Release|Any CPU.ActiveCfg = Release|Any CPU
		{4DD1007A-4F02-4B50-8BBC-E7F2F98A4DD6}.Release|Any CPU.Build.0 = Release|Any CPU
		{ECBE8FB1-549C-44AB-A8B2-A80CE5F32D70}.Debug|Any CPU.ActiveCfg = Debug|Any CPU
		{ECBE8FB1-549C-44AB-A8B2-A80CE5F32D70}.Debug|Any CPU.Build.0 = Debug|Any CPU
		{ECBE8FB1-549C-44AB-A8B2-A80CE5F32D70}.Release|Any CPU.ActiveCfg = Release|Any CPU
		{ECBE8FB1-549C-44AB-A8B2-A80CE5F32D70}.Release|Any CPU.Build.0 = Release|Any CPU
		{9588C636-7568-453A-9A1B-299416A1B8DD}.Debug|Any CPU.ActiveCfg = Debug|Any CPU
		{9588C636-7568-453A-9A1B-299416A1B8DD}.Debug|Any CPU.Build.0 = Debug|Any CPU
		{9588C636-7568-453A-9A1B-299416A1B8DD}.Release|Any CPU.ActiveCfg = Release|Any CPU
		{9588C636-7568-453A-9A1B-299416A1B8DD}.Release|Any CPU.Build.0 = Release|Any CPU
		{DAB65C9A-7EFE-4FFF-94AD-ACD2D8549F84}.Debug|Any CPU.ActiveCfg = Debug|Any CPU
		{DAB65C9A-7EFE-4FFF-94AD-ACD2D8549F84}.Debug|Any CPU.Build.0 = Debug|Any CPU
		{DAB65C9A-7EFE-4FFF-94AD-ACD2D8549F84}.Release|Any CPU.ActiveCfg = Release|Any CPU
		{DAB65C9A-7EFE-4FFF-94AD-ACD2D8549F84}.Release|Any CPU.Build.0 = Release|Any CPU
		{42EA2E8A-410D-45A9-B830-4F698397A731}.Debug|Any CPU.ActiveCfg = Debug|Any CPU
		{42EA2E8A-410D-45A9-B830-4F698397A731}.Debug|Any CPU.Build.0 = Debug|Any CPU
		{42EA2E8A-410D-45A9-B830-4F698397A731}.Release|Any CPU.ActiveCfg = Release|Any CPU
		{42EA2E8A-410D-45A9-B830-4F698397A731}.Release|Any CPU.Build.0 = Release|Any CPU
		{6C117197-6D3B-485B-9B52-A20BD6E34918}.Debug|Any CPU.ActiveCfg = Debug|Any CPU
		{6C117197-6D3B-485B-9B52-A20BD6E34918}.Debug|Any CPU.Build.0 = Debug|Any CPU
		{6C117197-6D3B-485B-9B52-A20BD6E34918}.Release|Any CPU.ActiveCfg = Release|Any CPU
		{6C117197-6D3B-485B-9B52-A20BD6E34918}.Release|Any CPU.Build.0 = Release|Any CPU
		{DE45D941-991A-4EB9-AC9B-288ABBD52525}.Debug|Any CPU.ActiveCfg = Debug|Any CPU
		{DE45D941-991A-4EB9-AC9B-288ABBD52525}.Debug|Any CPU.Build.0 = Debug|Any CPU
		{DE45D941-991A-4EB9-AC9B-288ABBD52525}.Release|Any CPU.ActiveCfg = Release|Any CPU
		{DE45D941-991A-4EB9-AC9B-288ABBD52525}.Release|Any CPU.Build.0 = Release|Any CPU
		{3906171B-C01D-4B4C-BC9E-416388042872}.Debug|Any CPU.ActiveCfg = Debug|x86
		{3906171B-C01D-4B4C-BC9E-416388042872}.Debug|Any CPU.Build.0 = Debug|x86
		{3906171B-C01D-4B4C-BC9E-416388042872}.Release|Any CPU.ActiveCfg = Release|x86
		{3906171B-C01D-4B4C-BC9E-416388042872}.Release|Any CPU.Build.0 = Release|x86
		{562F0953-4BC8-4643-B759-0F8402DA59C5}.Debug|Any CPU.ActiveCfg = Debug|Any CPU
		{562F0953-4BC8-4643-B759-0F8402DA59C5}.Debug|Any CPU.Build.0 = Debug|Any CPU
		{562F0953-4BC8-4643-B759-0F8402DA59C5}.Release|Any CPU.ActiveCfg = Release|Any CPU
		{562F0953-4BC8-4643-B759-0F8402DA59C5}.Release|Any CPU.Build.0 = Release|Any CPU
		{BBB857C2-514A-47E0-8988-0456B4CF10B8}.Debug|Any CPU.ActiveCfg = Debug|Any CPU
		{BBB857C2-514A-47E0-8988-0456B4CF10B8}.Debug|Any CPU.Build.0 = Debug|Any CPU
		{BBB857C2-514A-47E0-8988-0456B4CF10B8}.Release|Any CPU.ActiveCfg = Release|Any CPU
		{BBB857C2-514A-47E0-8988-0456B4CF10B8}.Release|Any CPU.Build.0 = Release|Any CPU
		{9A647F24-F0FC-4294-99CF-38D72B7A6ADB}.Debug|Any CPU.ActiveCfg = Debug|Any CPU
		{9A647F24-F0FC-4294-99CF-38D72B7A6ADB}.Debug|Any CPU.Build.0 = Debug|Any CPU
		{9A647F24-F0FC-4294-99CF-38D72B7A6ADB}.Release|Any CPU.ActiveCfg = Release|Any CPU
		{9A647F24-F0FC-4294-99CF-38D72B7A6ADB}.Release|Any CPU.Build.0 = Release|Any CPU
		{66EF4CF8-1381-4F24-B8FA-AD538AE011AF}.Debug|Any CPU.ActiveCfg = Debug|Any CPU
		{66EF4CF8-1381-4F24-B8FA-AD538AE011AF}.Debug|Any CPU.Build.0 = Debug|Any CPU
		{66EF4CF8-1381-4F24-B8FA-AD538AE011AF}.Release|Any CPU.ActiveCfg = Release|Any CPU
		{66EF4CF8-1381-4F24-B8FA-AD538AE011AF}.Release|Any CPU.Build.0 = Release|Any CPU
		{D209172F-8595-44CE-B9D7-13347AFDE663}.Debug|Any CPU.ActiveCfg = Debug|Any CPU
		{D209172F-8595-44CE-B9D7-13347AFDE663}.Debug|Any CPU.Build.0 = Debug|Any CPU
		{D209172F-8595-44CE-B9D7-13347AFDE663}.Release|Any CPU.ActiveCfg = Release|Any CPU
		{D209172F-8595-44CE-B9D7-13347AFDE663}.Release|Any CPU.Build.0 = Release|Any CPU
		{EFBBF0B8-BA2C-42CE-862E-FD3DF84130D3}.Debug|Any CPU.ActiveCfg = Debug|Any CPU
		{EFBBF0B8-BA2C-42CE-862E-FD3DF84130D3}.Debug|Any CPU.Build.0 = Debug|Any CPU
		{EFBBF0B8-BA2C-42CE-862E-FD3DF84130D3}.Release|Any CPU.ActiveCfg = Release|Any CPU
		{EFBBF0B8-BA2C-42CE-862E-FD3DF84130D3}.Release|Any CPU.Build.0 = Release|Any CPU
	EndGlobalSection
EndGlobal
