
Microsoft Visual Studio Solution File, Format Version 12.00
# Visual Studio 2012
# SharpDevelop 5.1
VisualStudioVersion = 12.0.20827.3
MinimumVisualStudioVersion = 10.0.40219.1
Project("{FAE04EC0-301F-11D3-BF4B-00C04F79EFBC}") = "Cef49", "Cef49\Cef49.csproj", "{C14757DE-809B-4677-80B2-136519759FDE}"
EndProject
Project("{FAE04EC0-301F-11D3-BF4B-00C04F79EFBC}") = "AEther", "AEther\AEther.csproj", "{E3F1F449-85A8-44FA-8651-85DCA0CA0F1C}"
EndProject
Project("{FAE04EC0-301F-11D3-BF4B-00C04F79EFBC}") = "Catalina", "Catalina\Catalina.csproj", "{0A164BAC-2DB0-410D-ABA0-92DCA60ED8B6}"
EndProject
Project("{FAE04EC0-301F-11D3-BF4B-00C04F79EFBC}") = "Common", "Common\Common.csproj", "{72840B62-165E-4714-856C-024D3BA8910A}"
EndProject
Project("{FAE04EC0-301F-11D3-BF4B-00C04F79EFBC}") = "Dashboard", "Dashboard\Dashboard.csproj", "{ADEA00B2-830F-4375-82F5-F6EC86093E41}"
EndProject
Project("{FAE04EC0-301F-11D3-BF4B-00C04F79EFBC}") = "Jeditor", "JEditor\Jeditor.csproj", "{1294D2E4-EB9B-48F7-ABCE-1B358CA3039A}"
EndProject
Project("{FAE04EC0-301F-11D3-BF4B-00C04F79EFBC}") = "JEmbed", "JEmbed\JEmbed.csproj", "{81A2CFE7-2263-415B-9DF4-5ADC94100E3C}"
EndProject
Project("{FAE04EC0-301F-11D3-BF4B-00C04F79EFBC}") = "JFiles", "JFiles\JFiles.csproj", "{5E345561-3861-4E82-9B2E-9CC9DD77915B}"
EndProject
Project("{FAE04EC0-301F-11D3-BF4B-00C04F79EFBC}") = "JSnow", "JSnow\JSnow.csproj", "{446D6656-9C1E-4F6B-94C8-6FE4F6658C7C}"
EndProject
Project("{FAE04EC0-301F-11D3-BF4B-00C04F79EFBC}") = "Text.Control", "JText\Text.Control.csproj", "{DAB65C9A-7EFE-4FFF-94AD-ACD2D8549F84}"
EndProject
Project("{FAE04EC0-301F-11D3-BF4B-00C04F79EFBC}") = "JVideo", "JVideo\JVideo.csproj", "{6BEA47E8-06A4-4CEA-994E-5F78818D87EC}"
EndProject
Project("{FAE04EC0-301F-11D3-BF4B-00C04F79EFBC}") = "XCodeRec", "XCodeRec\XCodeRec.csproj", "{00801848-0520-4F25-AF30-9ABE6A655167}"
EndProject
Project("{FAE04EC0-301F-11D3-BF4B-00C04F79EFBC}") = "XDiffPatch", "XDiffPatch\XDiffPatch.csproj", "{BFA728B9-8365-4B26-8F36-DC1195F79B72}"
EndProject
Global
	GlobalSection(SolutionConfigurationPlatforms) = preSolution
		Debug|Any CPU = Debug|Any CPU
		Release|Any CPU = Release|Any CPU
	EndGlobalSection
	GlobalSection(ProjectConfigurationPlatforms) = postSolution
		{C14757DE-809B-4677-80B2-136519759FDE}.Debug|Any CPU.ActiveCfg = Debug|x86
		{C14757DE-809B-4677-80B2-136519759FDE}.Debug|Any CPU.Build.0 = Debug|x86
		{C14757DE-809B-4677-80B2-136519759FDE}.Release|Any CPU.ActiveCfg = Release|Any CPU
		{C14757DE-809B-4677-80B2-136519759FDE}.Release|Any CPU.Build.0 = Release|Any CPU
		{E3F1F449-85A8-44FA-8651-85DCA0CA0F1C}.Debug|Any CPU.ActiveCfg = Debug|Any CPU
		{E3F1F449-85A8-44FA-8651-85DCA0CA0F1C}.Debug|Any CPU.Build.0 = Debug|Any CPU
		{E3F1F449-85A8-44FA-8651-85DCA0CA0F1C}.Release|Any CPU.ActiveCfg = Release|Any CPU
		{E3F1F449-85A8-44FA-8651-85DCA0CA0F1C}.Release|Any CPU.Build.0 = Release|Any CPU
		{0A164BAC-2DB0-410D-ABA0-92DCA60ED8B6}.Debug|Any CPU.ActiveCfg = Debug|Any CPU
		{0A164BAC-2DB0-410D-ABA0-92DCA60ED8B6}.Debug|Any CPU.Build.0 = Debug|Any CPU
		{0A164BAC-2DB0-410D-ABA0-92DCA60ED8B6}.Release|Any CPU.ActiveCfg = Release|Any CPU
		{0A164BAC-2DB0-410D-ABA0-92DCA60ED8B6}.Release|Any CPU.Build.0 = Release|Any CPU
		{72840B62-165E-4714-856C-024D3BA8910A}.Debug|Any CPU.ActiveCfg = Debug|Any CPU
		{72840B62-165E-4714-856C-024D3BA8910A}.Debug|Any CPU.Build.0 = Debug|Any CPU
		{72840B62-165E-4714-856C-024D3BA8910A}.Release|Any CPU.ActiveCfg = Release|Any CPU
		{72840B62-165E-4714-856C-024D3BA8910A}.Release|Any CPU.Build.0 = Release|Any CPU
		{ADEA00B2-830F-4375-82F5-F6EC86093E41}.Debug|Any CPU.ActiveCfg = Debug|Any CPU
		{ADEA00B2-830F-4375-82F5-F6EC86093E41}.Debug|Any CPU.Build.0 = Debug|Any CPU
		{ADEA00B2-830F-4375-82F5-F6EC86093E41}.Release|Any CPU.ActiveCfg = Release|Any CPU
		{ADEA00B2-830F-4375-82F5-F6EC86093E41}.Release|Any CPU.Build.0 = Release|Any CPU
		{1294D2E4-EB9B-48F7-ABCE-1B358CA3039A}.Debug|Any CPU.ActiveCfg = Debug|Any CPU
		{1294D2E4-EB9B-48F7-ABCE-1B358CA3039A}.Debug|Any CPU.Build.0 = Debug|Any CPU
		{1294D2E4-EB9B-48F7-ABCE-1B358CA3039A}.Release|Any CPU.ActiveCfg = Release|Any CPU
		{1294D2E4-EB9B-48F7-ABCE-1B358CA3039A}.Release|Any CPU.Build.0 = Release|Any CPU
		{81A2CFE7-2263-415B-9DF4-5ADC94100E3C}.Debug|Any CPU.ActiveCfg = Debug|Any CPU
		{81A2CFE7-2263-415B-9DF4-5ADC94100E3C}.Debug|Any CPU.Build.0 = Debug|Any CPU
		{81A2CFE7-2263-415B-9DF4-5ADC94100E3C}.Release|Any CPU.ActiveCfg = Release|Any CPU
		{81A2CFE7-2263-415B-9DF4-5ADC94100E3C}.Release|Any CPU.Build.0 = Release|Any CPU
		{5E345561-3861-4E82-9B2E-9CC9DD77915B}.Debug|Any CPU.ActiveCfg = Debug|Any CPU
		{5E345561-3861-4E82-9B2E-9CC9DD77915B}.Debug|Any CPU.Build.0 = Debug|Any CPU
		{5E345561-3861-4E82-9B2E-9CC9DD77915B}.Release|Any CPU.ActiveCfg = Release|Any CPU
		{5E345561-3861-4E82-9B2E-9CC9DD77915B}.Release|Any CPU.Build.0 = Release|Any CPU
		{446D6656-9C1E-4F6B-94C8-6FE4F6658C7C}.Debug|Any CPU.ActiveCfg = Debug|Any CPU
		{446D6656-9C1E-4F6B-94C8-6FE4F6658C7C}.Debug|Any CPU.Build.0 = Debug|Any CPU
		{446D6656-9C1E-4F6B-94C8-6FE4F6658C7C}.Release|Any CPU.ActiveCfg = Release|Any CPU
		{446D6656-9C1E-4F6B-94C8-6FE4F6658C7C}.Release|Any CPU.Build.0 = Release|Any CPU
		{DAB65C9A-7EFE-4FFF-94AD-ACD2D8549F84}.Debug|Any CPU.ActiveCfg = Debug|Any CPU
		{DAB65C9A-7EFE-4FFF-94AD-ACD2D8549F84}.Debug|Any CPU.Build.0 = Debug|Any CPU
		{DAB65C9A-7EFE-4FFF-94AD-ACD2D8549F84}.Release|Any CPU.ActiveCfg = Release|Any CPU
		{DAB65C9A-7EFE-4FFF-94AD-ACD2D8549F84}.Release|Any CPU.Build.0 = Release|Any CPU
		{6BEA47E8-06A4-4CEA-994E-5F78818D87EC}.Debug|Any CPU.ActiveCfg = Debug|Any CPU
		{6BEA47E8-06A4-4CEA-994E-5F78818D87EC}.Debug|Any CPU.Build.0 = Debug|Any CPU
		{6BEA47E8-06A4-4CEA-994E-5F78818D87EC}.Release|Any CPU.ActiveCfg = Release|Any CPU
		{6BEA47E8-06A4-4CEA-994E-5F78818D87EC}.Release|Any CPU.Build.0 = Release|Any CPU
		{00801848-0520-4F25-AF30-9ABE6A655167}.Debug|Any CPU.ActiveCfg = Debug|Any CPU
		{00801848-0520-4F25-AF30-9ABE6A655167}.Debug|Any CPU.Build.0 = Debug|Any CPU
		{00801848-0520-4F25-AF30-9ABE6A655167}.Release|Any CPU.ActiveCfg = Release|Any CPU
		{00801848-0520-4F25-AF30-9ABE6A655167}.Release|Any CPU.Build.0 = Release|Any CPU
		{BFA728B9-8365-4B26-8F36-DC1195F79B72}.Debug|Any CPU.ActiveCfg = Debug|Any CPU
		{BFA728B9-8365-4B26-8F36-DC1195F79B72}.Debug|Any CPU.Build.0 = Debug|Any CPU
		{BFA728B9-8365-4B26-8F36-DC1195F79B72}.Release|Any CPU.ActiveCfg = Release|Any CPU
		{BFA728B9-8365-4B26-8F36-DC1195F79B72}.Release|Any CPU.Build.0 = Release|Any CPU
	EndGlobalSection
EndGlobal
